<?xml version="1.0" encoding="utf-8"?>
<Project ToolsVersion="4.0" xmlns="http://schemas.microsoft.com/developer/msbuild/2003">
  <ItemGroup>
    <Filter Include="Source Files">
      <UniqueIdentifier>{C5D1F0F3-7CBB-4C3F-B0E1-234D87978765}</UniqueIdentifier>
      <Extensions>cpp;c;cc;cxx;c++;def;odl;idl;hpj;bat;asm;asmx</Extensions>
    </Filter>
    <Filter Include="Header Files">
      <UniqueIdentifier>{C93D4CB2-333C-4E21-A596-7A29E494CD7F}</UniqueIdentifier>
      <Extensions>h;hpp;hxx;hm;inl;inc;ipp</Extensions>
    </Filter>
    <Filter Include="Resource Files">
      <UniqueIdentifier>{3E7F591B-4F88-44E5-9D8C-FA5C3D190C2D}</UniqueIdentifier>
      <Extensions>rc;ico;cur;bmp;dlg;rc2;rct;bin;rgs;gif;jpg;jpeg;jpe;resx;tiff;tif;png;wav;mfcribbon-ms</Extensions>
    </Filter>
  </ItemGroup>
  <ItemGroup>
    <ClCompile Include="App\pch.cpp">
      <Filter>Source Files</Filter>
    </ClCompile>
    <ClCompile Include="App\MfcHarness.cpp">
      <Filter>Source Files</Filter>
    </ClCompile>
    <ClCompile Include="App\MainDlg.cpp">
      <Filter>Source Files</Filter>
    </ClCompile>
    <ClCompile Include="App\\InjectionManager.cpp">
      <Filter>Source Files</Filter>
    </ClCompile>
    <ClCompile Include="App\\ProcessUtils.cpp">
      <Filter>Source Files</Filter>
    </ClCompile>
    <ClCompile Include="App\\SimpleHttpServer.cpp">
      <Filter>Source Files</Filter>
    </ClCompile>
    <ClCompile Include="App\\JsonHelpers.cpp">
      <Filter>Source Files</Filter>
    </ClCompile>
  </ItemGroup>
  <ItemGroup>
    <ClInclude Include="App\pch.h">
      <Filter>Header Files</Filter>
    </ClInclude>
    <ClInclude Include="App\framework.h">
      <Filter>Header Files</Filter>
    </ClInclude>
    <ClInclude Include="App\MfcHarness.h">
      <Filter>Header Files</Filter>
    </ClInclude>
    <ClInclude Include="App\MainDlg.h">
      <Filter>Header Files</Filter>
    </ClInclude>
    <ClInclude Include="App\resource.h">
      <Filter>Header Files</Filter>
    </ClInclude>
    <ClInclude Include="App\\targetver.h">
      <Filter>Header Files</Filter>
    </ClInclude>
    <ClInclude Include="App\\InjectionManager.h">
      <Filter>Header Files</Filter>
    </ClInclude>
    <ClInclude Include="App\\ProcessUtils.h">
      <Filter>Header Files</Filter>
    </ClInclude>
    <ClInclude Include="App\\SimpleHttpServer.h">
      <Filter>Header Files</Filter>
    </ClInclude>
    <ClInclude Include="App\\JsonHelpers.h">
      <Filter>Header Files</Filter>
    </ClInclude>
    <ClInclude Include="App\\StringHelpers.h">
      <Filter>Header Files</Filter>
    </ClInclude>
  </ItemGroup>
  <ItemGroup>
    <ResourceCompile Include="App\MfcHarness.rc">
      <Filter>Resource Files</Filter>
    </ResourceCompile>
  </ItemGroup>
</Project>